
Microsoft Visual Studio Solution File, Format Version 12.00
# Visual Studio Version 16
VisualStudioVersion = 16.0.30717.126
MinimumVisualStudioVersion = 10.0.40219.1
Project("{9A19103F-16F7-4668-BE54-9A1E7A4F7556}") = "Uploader", "Uploader\Uploader.csproj", "{22EE461B-26B0-48D9-BFDF-196C8F450C1A}"
EndProject
Global
	GlobalSection(SolutionConfigurationPlatforms) = preSolution
		Debug|Any CPU = Debug|Any CPU
		Release|Any CPU = Release|Any CPU
	EndGlobalSection
	GlobalSection(ProjectConfigurationPlatforms) = postSolution
		{22EE461B-26B0-48D9-BFDF-196C8F450C1A}.Debug|Any CPU.ActiveCfg = Debug|Any CPU
		{22EE461B-26B0-48D9-BFDF-196C8F450C1A}.Debug|Any CPU.Build.0 = Debug|Any CPU
		{22EE461B-26B0-48D9-BFDF-196C8F450C1A}.Release|Any CPU.ActiveCfg = Release|Any CPU
		{22EE461B-26B0-48D9-BFDF-196C8F450C1A}.Release|Any CPU.Build.0 = Release|Any CPU
	EndGlobalSection
	GlobalSection(SolutionProperties) = preSolution
		HideSolutionNode = FALSE
	EndGlobalSection
	GlobalSection(ExtensibilityGlobals) = postSolution
		SolutionGuid = {B9A43D3B-7F49-4DA4-AF9E-85C08E42C996}
	EndGlobalSection
EndGlobal
